
Microsoft Visual Studio Solution File, Format Version 12.00
# Visual Studio Version 17
VisualStudioVersion = 17.0.31903.59
MinimumVisualStudioVersion = 10.0.40219.1
Project("{FAE04EC0-301F-11D3-BF4B-00C04F79EFBC}") = "SampleApp", "SampleApp\SampleApp.csproj", "{96F842FB-8B87-43BC-B133-7DD1A6C24A8B}"
EndProject
Project("{FAE04EC0-301F-11D3-BF4B-00C04F79EFBC}") = "SampleApp.Tests", "SampleApp.Tests\SampleApp.Tests.csproj", "{73268C1F-AA2C-426B-9BAD-CB07145533E1}"
EndProject
Global
	GlobalSection(SolutionConfigurationPlatforms) = preSolution
		Debug|Any CPU = Debug|Any CPU
		Debug|x64 = Debug|x64
		Debug|x86 = Debug|x86
		Release|Any CPU = Release|Any CPU
		Release|x64 = Release|x64
		Release|x86 = Release|x86
	EndGlobalSection
	GlobalSection(ProjectConfigurationPlatforms) = postSolution
		{96F842FB-8B87-43BC-B133-7DD1A6C24A8B}.Debug|Any CPU.ActiveCfg = Debug|Any CPU
		{96F842FB-8B87-43BC-B133-7DD1A6C24A8B}.Debug|Any CPU.Build.0 = Debug|Any CPU
		{96F842FB-8B87-43BC-B133-7DD1A6C24A8B}.Debug|x64.ActiveCfg = Debug|Any CPU
		{96F842FB-8B87-43BC-B133-7DD1A6C24A8B}.Debug|x64.Build.0 = Debug|Any CPU
		{96F842FB-8B87-43BC-B133-7DD1A6C24A8B}.Debug|x86.ActiveCfg = Debug|Any CPU
		{96F842FB-8B87-43BC-B133-7DD1A6C24A8B}.Debug|x86.Build.0 = Debug|Any CPU
		{96F842FB-8B87-43BC-B133-7DD1A6C24A8B}.Release|Any CPU.ActiveCfg = Release|Any CPU
		{96F842FB-8B87-43BC-B133-7DD1A6C24A8B}.Release|Any CPU.Build.0 = Release|Any CPU
		{96F842FB-8B87-43BC-B133-7DD1A6C24A8B}.Release|x64.ActiveCfg = Release|Any CPU
		{96F842FB-8B87-43BC-B133-7DD1A6C24A8B}.Release|x64.Build.0 = Release|Any CPU
		{96F842FB-8B87-43BC-B133-7DD1A6C24A8B}.Release|x86.ActiveCfg = Release|Any CPU
		{96F842FB-8B87-43BC-B133-7DD1A6C24A8B}.Release|x86.Build.0 = Release|Any CPU
		{73268C1F-AA2C-426B-9BAD-CB07145533E1}.Debug|Any CPU.ActiveCfg = Debug|Any CPU
		{73268C1F-AA2C-426B-9BAD-CB07145533E1}.Debug|Any CPU.Build.0 = Debug|Any CPU
		{73268C1F-AA2C-426B-9BAD-CB07145533E1}.Debug|x64.ActiveCfg = Debug|Any CPU
		{73268C1F-AA2C-426B-9BAD-CB07145533E1}.Debug|x64.Build.0 = Debug|Any CPU
		{73268C1F-AA2C-426B-9BAD-CB07145533E1}.Debug|x86.ActiveCfg = Debug|Any CPU
		{73268C1F-AA2C-426B-9BAD-CB07145533E1}.Debug|x86.Build.0 = Debug|Any CPU
		{73268C1F-AA2C-426B-9BAD-CB07145533E1}.Release|Any CPU.ActiveCfg = Release|Any CPU
		{73268C1F-AA2C-426B-9BAD-CB07145533E1}.Release|Any CPU.Build.0 = Release|Any CPU
		{73268C1F-AA2C-426B-9BAD-CB07145533E1}.Release|x64.ActiveCfg = Release|Any CPU
		{73268C1F-AA2C-426B-9BAD-CB07145533E1}.Release|x64.Build.0 = Release|Any CPU
		{73268C1F-AA2C-426B-9BAD-CB07145533E1}.Release|x86.ActiveCfg = Release|Any CPU
		{73268C1F-AA2C-426B-9BAD-CB07145533E1}.Release|x86.Build.0 = Release|Any CPU
	EndGlobalSection
	GlobalSection(SolutionProperties) = preSolution
		HideSolutionNode = FALSE
	EndGlobalSection
EndGlobal
